
Microsoft Visual Studio Solution File, Format Version 12.00
# Visual Studio Version 17
VisualStudioVersion = 17.3.32819.101
MinimumVisualStudioVersion = 10.0.40219.1
Project("{FAE04EC0-301F-11D3-BF4B-00C04F79EFBC}") = "C.Pnomina", "C.Pnomina\C.Pnomina.csproj", "{FEBD406A-B0B3-4DC6-BF7E-23B8DF25B3F2}"
EndProject
Global
	GlobalSection(SolutionConfigurationPlatforms) = preSolution
		Debug|Any CPU = Debug|Any CPU
		Release|Any CPU = Release|Any CPU
	EndGlobalSection
	GlobalSection(ProjectConfigurationPlatforms) = postSolution
		{FEBD406A-B0B3-4DC6-BF7E-23B8DF25B3F2}.Debug|Any CPU.ActiveCfg = Debug|Any CPU
		{FEBD406A-B0B3-4DC6-BF7E-23B8DF25B3F2}.Debug|Any CPU.Build.0 = Debug|Any CPU
		{FEBD406A-B0B3-4DC6-BF7E-23B8DF25B3F2}.Release|Any CPU.ActiveCfg = Release|Any CPU
		{FEBD406A-B0B3-4DC6-BF7E-23B8DF25B3F2}.Release|Any CPU.Build.0 = Release|Any CPU
	EndGlobalSection
	GlobalSection(SolutionProperties) = preSolution
		HideSolutionNode = FALSE
	EndGlobalSection
	GlobalSection(ExtensibilityGlobals) = postSolution
		SolutionGuid = {71324F41-8B18-4A1D-BA5A-D993FB255B78}
	EndGlobalSection
EndGlobal
