
Microsoft Visual Studio Solution File, Format Version 12.00
# Visual Studio Version 17
VisualStudioVersion = 17.3.32804.467
MinimumVisualStudioVersion = 10.0.40219.1
Project("{FAE04EC0-301F-11D3-BF4B-00C04F79EFBC}") = "lib_nomina", "lib_nomina\lib_nomina.csproj", "{A6B9DA1B-D4E6-4E0F-878D-459CC91570BC}"
EndProject
Global
	GlobalSection(SolutionConfigurationPlatforms) = preSolution
		Debug|Any CPU = Debug|Any CPU
		Release|Any CPU = Release|Any CPU
	EndGlobalSection
	GlobalSection(ProjectConfigurationPlatforms) = postSolution
		{A6B9DA1B-D4E6-4E0F-878D-459CC91570BC}.Debug|Any CPU.ActiveCfg = Debug|Any CPU
		{A6B9DA1B-D4E6-4E0F-878D-459CC91570BC}.Debug|Any CPU.Build.0 = Debug|Any CPU
		{A6B9DA1B-D4E6-4E0F-878D-459CC91570BC}.Release|Any CPU.ActiveCfg = Release|Any CPU
		{A6B9DA1B-D4E6-4E0F-878D-459CC91570BC}.Release|Any CPU.Build.0 = Release|Any CPU
	EndGlobalSection
	GlobalSection(SolutionProperties) = preSolution
		HideSolutionNode = FALSE
	EndGlobalSection
	GlobalSection(ExtensibilityGlobals) = postSolution
		SolutionGuid = {F2165AC6-23CE-453C-8F97-2F38ABB362C9}
	EndGlobalSection
EndGlobal
